
Microsoft Visual Studio Solution File, Format Version 12.00
# Visual Studio Version 17
VisualStudioVersion = 17.2.32630.192
MinimumVisualStudioVersion = 10.0.40219.1
Project("{2150E333-8FDC-42A3-9474-1A3956D46DE8}") = "Subscriber", "Subscriber", "{87F61FB9-3C3F-42E6-AC5C-4059D0581E4F}"
EndProject
Project("{9A19103F-16F7-4668-BE54-9A1E7A4F7556}") = "Subscriber.WebAPI", "Subscriber.WebAPI\Subscriber.WebAPI.csproj", "{41179121-E378-4B75-8883-9F5853692C79}"
EndProject
Project("{9A19103F-16F7-4668-BE54-9A1E7A4F7556}") = "Subscriber.Services", "Subscriber.Services\Subscriber.Services.csproj", "{F814093B-D048-430D-B729-98724BC9015B}"
EndProject
Project("{9A19103F-16F7-4668-BE54-9A1E7A4F7556}") = "Subscriber.Data", "Subscriber.Data\Subscriber.Data.csproj", "{CC9EC73B-2D31-46E0-98BA-1FE7077C5BCF}"
EndProject
Project("{2150E333-8FDC-42A3-9474-1A3956D46DE8}") = "Measure", "Measure", "{C2C2046D-C129-4234-90E6-E29E5305954C}"
EndProject
Project("{9A19103F-16F7-4668-BE54-9A1E7A4F7556}") = "Measure.Data", "Measure.data\Measure.Data.csproj", "{0322AF53-64D7-42D9-8196-57EF2BD40E1D}"
EndProject
Project("{9A19103F-16F7-4668-BE54-9A1E7A4F7556}") = "Measure.Services", "Measure.Services\Measure.Services.csproj", "{5F75C8EA-223B-4CE3-B743-71BD1BD46C58}"
EndProject
Project("{2150E333-8FDC-42A3-9474-1A3956D46DE8}") = "Messages", "Messages", "{3A1E67CF-B586-461E-A1D6-E0CA285C83ED}"
EndProject
Project("{9A19103F-16F7-4668-BE54-9A1E7A4F7556}") = "Measure.Messages", "Measure.Messages\Measure.Messages.csproj", "{10DA6143-E4AE-498A-8493-5484573860A0}"
EndProject
Project("{2150E333-8FDC-42A3-9474-1A3956D46DE8}") = "Middleware", "Middleware", "{9A2DD911-4F69-4ECF-BD67-85A0A9F0372D}"
EndProject
Project("{9A19103F-16F7-4668-BE54-9A1E7A4F7556}") = "Middleware", "Middlewere\Middleware.csproj", "{AED0A5D5-C606-4AE4-9C73-25D0B1A14554}"
EndProject
Project("{2150E333-8FDC-42A3-9474-1A3956D46DE8}") = "Tracking", "Tracking", "{C1997581-33C6-4981-94B3-55C4AF2933D5}"
	ProjectSection(SolutionItems) = preProject
		Subscriber.WebAPI\Program.cs = Subscriber.WebAPI\Program.cs
	EndProjectSection
EndProject
Project("{9A19103F-16F7-4668-BE54-9A1E7A4F7556}") = "Tracking.WebAPI", "Tracking.WebAPI\Tracking.WebAPI.csproj", "{7DFB3B4D-6A7A-47A8-953D-B705D9BBB517}"
EndProject
Project("{9A19103F-16F7-4668-BE54-9A1E7A4F7556}") = "Tracking.Data", "Tracking.Data\Tracking.Data.csproj", "{F08EE7FB-A98B-4E7B-AD05-4E38C9DC1D76}"
EndProject
Project("{9A19103F-16F7-4668-BE54-9A1E7A4F7556}") = "Tracking.Services", "Tracking.Services\Tracking.Services.csproj", "{FA94F102-A71D-4F22-A9BA-A25B5BD4CEE0}"
EndProject
Project("{9A19103F-16F7-4668-BE54-9A1E7A4F7556}") = "Tracking.Messages", "Tracking.Messages\Tracking.Messages.csproj", "{5516B03C-0D9A-4CF0-A19E-4CA0463D3D40}"
EndProject
Project("{9A19103F-16F7-4668-BE54-9A1E7A4F7556}") = "Tracking.NSB", "Tracking.NSB\Tracking.NSB.csproj", "{BF52C12F-C3B4-4A5D-9A5D-40689734D31C}"
EndProject
Project("{9A19103F-16F7-4668-BE54-9A1E7A4F7556}") = "Measure.WebAPI", "Measure.WebAPI\Measure.WebAPI.csproj", "{68B3F0C9-DBE9-4236-8667-E604275899EB}"
EndProject
Project("{9A19103F-16F7-4668-BE54-9A1E7A4F7556}") = "Subscriber.NSB", "Subscriber.NSB\Subscriber.NSB.csproj", "{2928A2D6-63A0-4DFF-A37C-0224C81E3B15}"
EndProject
Project("{FAE04EC0-301F-11D3-BF4B-00C04F79EFBC}") = "Measure.NSB", "Measure.NSB\Measure.NSB.csproj", "{AB53A518-EA58-483D-A5F6-1B2D8D9C3115}"
EndProject
Global
	GlobalSection(SolutionConfigurationPlatforms) = preSolution
		Debug|Any CPU = Debug|Any CPU
		Release|Any CPU = Release|Any CPU
	EndGlobalSection
	GlobalSection(ProjectConfigurationPlatforms) = postSolution
		{41179121-E378-4B75-8883-9F5853692C79}.Debug|Any CPU.ActiveCfg = Debug|Any CPU
		{41179121-E378-4B75-8883-9F5853692C79}.Debug|Any CPU.Build.0 = Debug|Any CPU
		{41179121-E378-4B75-8883-9F5853692C79}.Release|Any CPU.ActiveCfg = Release|Any CPU
		{41179121-E378-4B75-8883-9F5853692C79}.Release|Any CPU.Build.0 = Release|Any CPU
		{F814093B-D048-430D-B729-98724BC9015B}.Debug|Any CPU.ActiveCfg = Debug|Any CPU
		{F814093B-D048-430D-B729-98724BC9015B}.Debug|Any CPU.Build.0 = Debug|Any CPU
		{F814093B-D048-430D-B729-98724BC9015B}.Release|Any CPU.ActiveCfg = Release|Any CPU
		{F814093B-D048-430D-B729-98724BC9015B}.Release|Any CPU.Build.0 = Release|Any CPU
		{CC9EC73B-2D31-46E0-98BA-1FE7077C5BCF}.Debug|Any CPU.ActiveCfg = Debug|Any CPU
		{CC9EC73B-2D31-46E0-98BA-1FE7077C5BCF}.Debug|Any CPU.Build.0 = Debug|Any CPU
		{CC9EC73B-2D31-46E0-98BA-1FE7077C5BCF}.Release|Any CPU.ActiveCfg = Release|Any CPU
		{CC9EC73B-2D31-46E0-98BA-1FE7077C5BCF}.Release|Any CPU.Build.0 = Release|Any CPU
		{0322AF53-64D7-42D9-8196-57EF2BD40E1D}.Debug|Any CPU.ActiveCfg = Debug|Any CPU
		{0322AF53-64D7-42D9-8196-57EF2BD40E1D}.Debug|Any CPU.Build.0 = Debug|Any CPU
		{0322AF53-64D7-42D9-8196-57EF2BD40E1D}.Release|Any CPU.ActiveCfg = Release|Any CPU
		{0322AF53-64D7-42D9-8196-57EF2BD40E1D}.Release|Any CPU.Build.0 = Release|Any CPU
		{5F75C8EA-223B-4CE3-B743-71BD1BD46C58}.Debug|Any CPU.ActiveCfg = Debug|Any CPU
		{5F75C8EA-223B-4CE3-B743-71BD1BD46C58}.Debug|Any CPU.Build.0 = Debug|Any CPU
		{5F75C8EA-223B-4CE3-B743-71BD1BD46C58}.Release|Any CPU.ActiveCfg = Release|Any CPU
		{5F75C8EA-223B-4CE3-B743-71BD1BD46C58}.Release|Any CPU.Build.0 = Release|Any CPU
		{10DA6143-E4AE-498A-8493-5484573860A0}.Debug|Any CPU.ActiveCfg = Debug|Any CPU
		{10DA6143-E4AE-498A-8493-5484573860A0}.Debug|Any CPU.Build.0 = Debug|Any CPU
		{10DA6143-E4AE-498A-8493-5484573860A0}.Release|Any CPU.ActiveCfg = Release|Any CPU
		{10DA6143-E4AE-498A-8493-5484573860A0}.Release|Any CPU.Build.0 = Release|Any CPU
		{AED0A5D5-C606-4AE4-9C73-25D0B1A14554}.Debug|Any CPU.ActiveCfg = Debug|Any CPU
		{AED0A5D5-C606-4AE4-9C73-25D0B1A14554}.Debug|Any CPU.Build.0 = Debug|Any CPU
		{AED0A5D5-C606-4AE4-9C73-25D0B1A14554}.Release|Any CPU.ActiveCfg = Release|Any CPU
		{AED0A5D5-C606-4AE4-9C73-25D0B1A14554}.Release|Any CPU.Build.0 = Release|Any CPU
		{7DFB3B4D-6A7A-47A8-953D-B705D9BBB517}.Debug|Any CPU.ActiveCfg = Debug|Any CPU
		{7DFB3B4D-6A7A-47A8-953D-B705D9BBB517}.Debug|Any CPU.Build.0 = Debug|Any CPU
		{7DFB3B4D-6A7A-47A8-953D-B705D9BBB517}.Release|Any CPU.ActiveCfg = Release|Any CPU
		{7DFB3B4D-6A7A-47A8-953D-B705D9BBB517}.Release|Any CPU.Build.0 = Release|Any CPU
		{F08EE7FB-A98B-4E7B-AD05-4E38C9DC1D76}.Debug|Any CPU.ActiveCfg = Debug|Any CPU
		{F08EE7FB-A98B-4E7B-AD05-4E38C9DC1D76}.Debug|Any CPU.Build.0 = Debug|Any CPU
		{F08EE7FB-A98B-4E7B-AD05-4E38C9DC1D76}.Release|Any CPU.ActiveCfg = Release|Any CPU
		{F08EE7FB-A98B-4E7B-AD05-4E38C9DC1D76}.Release|Any CPU.Build.0 = Release|Any CPU
		{FA94F102-A71D-4F22-A9BA-A25B5BD4CEE0}.Debug|Any CPU.ActiveCfg = Debug|Any CPU
		{FA94F102-A71D-4F22-A9BA-A25B5BD4CEE0}.Debug|Any CPU.Build.0 = Debug|Any CPU
		{FA94F102-A71D-4F22-A9BA-A25B5BD4CEE0}.Release|Any CPU.ActiveCfg = Release|Any CPU
		{FA94F102-A71D-4F22-A9BA-A25B5BD4CEE0}.Release|Any CPU.Build.0 = Release|Any CPU
		{5516B03C-0D9A-4CF0-A19E-4CA0463D3D40}.Debug|Any CPU.ActiveCfg = Debug|Any CPU
		{5516B03C-0D9A-4CF0-A19E-4CA0463D3D40}.Debug|Any CPU.Build.0 = Debug|Any CPU
		{5516B03C-0D9A-4CF0-A19E-4CA0463D3D40}.Release|Any CPU.ActiveCfg = Release|Any CPU
		{5516B03C-0D9A-4CF0-A19E-4CA0463D3D40}.Release|Any CPU.Build.0 = Release|Any CPU
		{BF52C12F-C3B4-4A5D-9A5D-40689734D31C}.Debug|Any CPU.ActiveCfg = Debug|Any CPU
		{BF52C12F-C3B4-4A5D-9A5D-40689734D31C}.Debug|Any CPU.Build.0 = Debug|Any CPU
		{BF52C12F-C3B4-4A5D-9A5D-40689734D31C}.Release|Any CPU.ActiveCfg = Release|Any CPU
		{BF52C12F-C3B4-4A5D-9A5D-40689734D31C}.Release|Any CPU.Build.0 = Release|Any CPU
		{68B3F0C9-DBE9-4236-8667-E604275899EB}.Debug|Any CPU.ActiveCfg = Debug|Any CPU
		{68B3F0C9-DBE9-4236-8667-E604275899EB}.Debug|Any CPU.Build.0 = Debug|Any CPU
		{68B3F0C9-DBE9-4236-8667-E604275899EB}.Release|Any CPU.ActiveCfg = Release|Any CPU
		{68B3F0C9-DBE9-4236-8667-E604275899EB}.Release|Any CPU.Build.0 = Release|Any CPU
		{2928A2D6-63A0-4DFF-A37C-0224C81E3B15}.Debug|Any CPU.ActiveCfg = Debug|Any CPU
		{2928A2D6-63A0-4DFF-A37C-0224C81E3B15}.Debug|Any CPU.Build.0 = Debug|Any CPU
		{2928A2D6-63A0-4DFF-A37C-0224C81E3B15}.Release|Any CPU.ActiveCfg = Release|Any CPU
		{2928A2D6-63A0-4DFF-A37C-0224C81E3B15}.Release|Any CPU.Build.0 = Release|Any CPU
		{AB53A518-EA58-483D-A5F6-1B2D8D9C3115}.Debug|Any CPU.ActiveCfg = Debug|Any CPU
		{AB53A518-EA58-483D-A5F6-1B2D8D9C3115}.Debug|Any CPU.Build.0 = Debug|Any CPU
		{AB53A518-EA58-483D-A5F6-1B2D8D9C3115}.Release|Any CPU.ActiveCfg = Release|Any CPU
		{AB53A518-EA58-483D-A5F6-1B2D8D9C3115}.Release|Any CPU.Build.0 = Release|Any CPU
	EndGlobalSection
	GlobalSection(SolutionProperties) = preSolution
		HideSolutionNode = FALSE
	EndGlobalSection
	GlobalSection(NestedProjects) = preSolution
		{41179121-E378-4B75-8883-9F5853692C79} = {87F61FB9-3C3F-42E6-AC5C-4059D0581E4F}
		{F814093B-D048-430D-B729-98724BC9015B} = {87F61FB9-3C3F-42E6-AC5C-4059D0581E4F}
		{CC9EC73B-2D31-46E0-98BA-1FE7077C5BCF} = {87F61FB9-3C3F-42E6-AC5C-4059D0581E4F}
		{0322AF53-64D7-42D9-8196-57EF2BD40E1D} = {C2C2046D-C129-4234-90E6-E29E5305954C}
		{5F75C8EA-223B-4CE3-B743-71BD1BD46C58} = {C2C2046D-C129-4234-90E6-E29E5305954C}
		{10DA6143-E4AE-498A-8493-5484573860A0} = {3A1E67CF-B586-461E-A1D6-E0CA285C83ED}
		{AED0A5D5-C606-4AE4-9C73-25D0B1A14554} = {9A2DD911-4F69-4ECF-BD67-85A0A9F0372D}
		{7DFB3B4D-6A7A-47A8-953D-B705D9BBB517} = {C1997581-33C6-4981-94B3-55C4AF2933D5}
		{F08EE7FB-A98B-4E7B-AD05-4E38C9DC1D76} = {C1997581-33C6-4981-94B3-55C4AF2933D5}
		{FA94F102-A71D-4F22-A9BA-A25B5BD4CEE0} = {C1997581-33C6-4981-94B3-55C4AF2933D5}
		{5516B03C-0D9A-4CF0-A19E-4CA0463D3D40} = {3A1E67CF-B586-461E-A1D6-E0CA285C83ED}
		{BF52C12F-C3B4-4A5D-9A5D-40689734D31C} = {C1997581-33C6-4981-94B3-55C4AF2933D5}
		{68B3F0C9-DBE9-4236-8667-E604275899EB} = {C2C2046D-C129-4234-90E6-E29E5305954C}
		{2928A2D6-63A0-4DFF-A37C-0224C81E3B15} = {87F61FB9-3C3F-42E6-AC5C-4059D0581E4F}
		{AB53A518-EA58-483D-A5F6-1B2D8D9C3115} = {C2C2046D-C129-4234-90E6-E29E5305954C}
	EndGlobalSection
	GlobalSection(ExtensibilityGlobals) = postSolution
		SolutionGuid = {DE4193EA-972D-4EE7-9786-C47EC420B73A}
	EndGlobalSection
EndGlobal
